
Microsoft Visual Studio Solution File, Format Version 12.00
# Visual Studio 15
VisualStudioVersion = 15.0.28307.852
MinimumVisualStudioVersion = 10.0.40219.1
Project("{FAE04EC0-301F-11D3-BF4B-00C04F79EFBC}") = "Test game", "Test game\Test game.csproj", "{C70696B5-4D15-41B9-BEE8-0521498DE3AE}"
EndProject
Global
	GlobalSection(SolutionConfigurationPlatforms) = preSolution
		Debug|x86 = Debug|x86
		Release|x86 = Release|x86
	EndGlobalSection
	GlobalSection(ProjectConfigurationPlatforms) = postSolution
		{C70696B5-4D15-41B9-BEE8-0521498DE3AE}.Debug|x86.ActiveCfg = Debug|x86
		{C70696B5-4D15-41B9-BEE8-0521498DE3AE}.Debug|x86.Build.0 = Debug|x86
		{C70696B5-4D15-41B9-BEE8-0521498DE3AE}.Release|x86.ActiveCfg = Release|x86
		{C70696B5-4D15-41B9-BEE8-0521498DE3AE}.Release|x86.Build.0 = Release|x86
	EndGlobalSection
	GlobalSection(SolutionProperties) = preSolution
		HideSolutionNode = FALSE
	EndGlobalSection
	GlobalSection(ExtensibilityGlobals) = postSolution
		SolutionGuid = {D64B221F-72FC-4B2B-B632-AED943CD18BE}
	EndGlobalSection
EndGlobal
